// !$*UTF8*$!
{
	archiveVersion = 1;
	classes = {
	};
	objectVersion = 48;
	objects = {

/* Begin PBXBuildFile section */
		B295089A2010473600AC258A /* AppDelegate.m in Sources */ = {isa = PBXBuildFile; fileRef = B29508992010473600AC258A /* AppDelegate.m */; };
		B295089D2010473600AC258A /* ViewController.m in Sources */ = {isa = PBXBuildFile; fileRef = B295089C2010473600AC258A /* ViewController.m */; };
		B29508A02010473600AC258A /* Main.storyboard in Resources */ = {isa = PBXBuildFile; fileRef = B295089E2010473600AC258A /* Main.storyboard */; };
		B29508A22010473600AC258A /* Assets.xcassets in Resources */ = {isa = PBXBuildFile; fileRef = B29508A12010473600AC258A /* Assets.xcassets */; };
		B29508A52010473600AC258A /* LaunchScreen.storyboard in Resources */ = {isa = PBXBuildFile; fileRef = B29508A32010473600AC258A /* LaunchScreen.storyboard */; };
		B29508A82010473600AC258A /* main.m in Sources */ = {isa = PBXBuildFile; fileRef = B29508A72010473600AC258A /* main.m */; };
		B29508B0201047C200AC258A /* UIImage+Helper.m in Sources */ = {isa = PBXBuildFile; fileRef = B29508AF201047C200AC258A /* UIImage+Helper.m */; };
		B29508B22010496600AC258A /* 123.png in Resources */ = {isa = PBXBuildFile; fileRef = B29508B12010496600AC258A /* 123.png */; };
/* End PBXBuildFile section */

/* Begin PBXFileReference section */
		B29508952010473600AC258A /* UIImage+Helper.app */ = {isa = PBXFileReference; explicitFileType = wrapper.application; includeInIndex = 0; path = "UIImage+Helper.app"; sourceTree = BUILT_PRODUCTS_DIR; };
		B29508982010473600AC258A /* AppDelegate.h */ = {isa = PBXFileReference; lastKnownFileType = sourcecode.c.h; path = AppDelegate.h; sourceTree = "<group>"; };
		B29508992010473600AC258A /* AppDelegate.m */ = {isa = PBXFileReference; lastKnownFileType = sourcecode.c.objc; path = AppDelegate.m; sourceTree = "<group>"; };
		B295089B2010473600AC258A /* ViewController.h */ = {isa = PBXFileReference; lastKnownFileType = sourcecode.c.h; path = ViewController.h; sourceTree = "<group>"; };
		B295089C2010473600AC258A /* ViewController.m */ = {isa = PBXFileReference; lastKnownFileType = sourcecode.c.objc; path = ViewController.m; sourceTree = "<group>"; };
		B295089F2010473600AC258A /* Base */ = {isa = PBXFileReference; lastKnownFileType = file.storyboard; name = Base; path = Base.lproj/Main.storyboard; sourceTree = "<group>"; };
		B29508A12010473600AC258A /* Assets.xcassets */ = {isa = PBXFileReference; lastKnownFileType = folder.assetcatalog; path = Assets.xcassets; sourceTree = "<group>"; };
		B29508A42010473600AC258A /* Base */ = {isa = PBXFileReference; lastKnownFileType = file.storyboard; name = Base; path = Base.lproj/LaunchScreen.storyboard; sourceTree = "<group>"; };
		B29508A62010473600AC258A /* Info.plist */ = {isa = PBXFileReference; lastKnownFileType = text.plist.xml; path = Info.plist; sourceTree = "<group>"; };
		B29508A72010473600AC258A /* main.m */ = {isa = PBXFileReference; lastKnownFileType = sourcecode.c.objc; path = main.m; sourceTree = "<group>"; };
		B29508AE201047C200AC258A /* UIImage+Helper.h */ = {isa = PBXFileReference; lastKnownFileType = sourcecode.c.h; path = "UIImage+Helper.h"; sourceTree = "<group>"; };
		B29508AF201047C200AC258A /* UIImage+Helper.m */ = {isa = PBXFileReference; lastKnownFileType = sourcecode.c.objc; path = "UIImage+Helper.m"; sourceTree = "<group>"; };
		B29508B12010496600AC258A /* 123.png */ = {isa = PBXFileReference; lastKnownFileType = image.png; path = 123.png; sourceTree = "<group>"; };
/* End PBXFileReference section */

/* Begin PBXFrameworksBuildPhase section */
		B29508922010473600AC258A /* Frameworks */ = {
			isa = PBXFrameworksBuildPhase;
			buildActionMask = 2147483647;
			files = (
			);
			runOnlyForDeploymentPostprocessing = 0;
		};
/* End PBXFrameworksBuildPhase section */

/* Begin PBXGroup section */
		B295088C2010473600AC258A = {
			isa = PBXGroup;
			children = (
				B29508972010473600AC258A /* UIImage+Helper */,
				B29508962010473600AC258A /* Products */,
			);
			sourceTree = "<group>";
		};
		B29508962010473600AC258A /* Products */ = {
			isa = PBXGroup;
			children = (
				B29508952010473600AC258A /* UIImage+Helper.app */,
			);
			name = Products;
			sourceTree = "<group>";
		};
		B29508972010473600AC258A /* UIImage+Helper */ = {
			isa = PBXGroup;
			children = (
				B29508B12010496600AC258A /* 123.png */,
				B29508982010473600AC258A /* AppDelegate.h */,
				B29508992010473600AC258A /* AppDelegate.m */,
				B295089B2010473600AC258A /* ViewController.h */,
				B295089C2010473600AC258A /* ViewController.m */,
				B295089E2010473600AC258A /* Main.storyboard */,
				B29508A12010473600AC258A /* Assets.xcassets */,
				B29508A32010473600AC258A /* LaunchScreen.storyboard */,
				B29508A62010473600AC258A /* Info.plist */,
				B29508A72010473600AC258A /* main.m */,
				B29508AE201047C200AC258A /* UIImage+Helper.h */,
				B29508AF201047C200AC258A /* UIImage+Helper.m */,
			);
			path = "UIImage+Helper";
			sourceTree = "<group>";
		};
/* End PBXGroup section */

/* Begin PBXNativeTarget section */
		B29508942010473600AC258A /* UIImage+Helper */ = {
			isa = PBXNativeTarget;
			buildConfigurationList = B29508AB2010473600AC258A /* Build configuration list for PBXNativeTarget "UIImage+Helper" */;
			buildPhases = (
				B29508912010473600AC258A /* Sources */,
				B29508922010473600AC258A /* Frameworks */,
				B29508932010473600AC258A /* Resources */,
			);
			buildRules = (
			);
			dependencies = (
			);
			name = "UIImage+Helper";
			productName = "UIImage+Helper";
			productReference = B29508952010473600AC258A /* UIImage+Helper.app */;
			productType = "com.apple.product-type.application";
		};
/* End PBXNativeTarget section */

/* Begin PBXProject section */
		B295088D2010473600AC258A /* Project object */ = {
			isa = PBXProject;
			attributes = {
				LastUpgradeCheck = 0920;
				ORGANIZATIONNAME = inspur;
				TargetAttributes = {
					B29508942010473600AC258A = {
						CreatedOnToolsVersion = 9.2;
						ProvisioningStyle = Automatic;
					};
				};
			};
			buildConfigurationList = B29508902010473600AC258A /* Build configuration list for PBXProject "UIImage+Helper" */;
			compatibilityVersion = "Xcode 8.0";
			developmentRegion = en;
			hasScannedForEncodings = 0;
			knownRegions = (
				en,
				Base,
			);
			mainGroup = B295088C2010473600AC258A;
			productRefGroup = B29508962010473600AC258A /* Products */;
			projectDirPath = "";
			projectRoot = "";
			targets = (
				B29508942010473600AC258A /* UIImage+Helper */,
			);
		};
/* End PBXProject section */

/* Begin PBXResourcesBuildPhase section */
		B29508932010473600AC258A /* Resources */ = {
			isa = PBXResourcesBuildPhase;
			buildActionMask = 2147483647;
			files = (
				B29508B22010496600AC258A /* 123.png in Resources */,
				B29508A52010473600AC258A /* LaunchScreen.storyboard in Resources */,
				B29508A22010473600AC258A /* Assets.xcassets in Resources */,
				B29508A02010473600AC258A /* Main.storyboard in Resources */,
			);
			runOnlyForDeploymentPostprocessing = 0;
		};
/* End PBXResourcesBuildPhase section */

/* Begin PBXSourcesBuildPhase section */
		B29508912010473600AC258A /* Sources */ = {
			isa = PBXSourcesBuildPhase;
			buildActionMask = 2147483647;
			files = (
				B295089D2010473600AC258A /* ViewController.m in Sources */,
				B29508A82010473600AC258A /* main.m in Sources */,
				B295089A2010473600AC258A /* AppDelegate.m in Sources */,
				B29508B0201047C200AC258A /* UIImage+Helper.m in Sources */,
			);
			runOnlyForDeploymentPostprocessing = 0;
		};
/* End PBXSourcesBuildPhase section */

/* Begin PBXVariantGroup section */
		B295089E2010473600AC258A /* Main.storyboard */ = {
			isa = PBXVariantGroup;
			children = (
				B295089F2010473600AC258A /* Base */,
			);
			name = Main.storyboard;
			sourceTree = "<group>";
		};
		B29508A32010473600AC258A /* LaunchScreen.storyboard */ = {
			isa = PBXVariantGroup;
			children = (
				B29508A42010473600AC258A /* Base */,
			);
			name = LaunchScreen.storyboard;
			sourceTree = "<group>";
		};
/* End PBXVariantGroup section */

/* Begin XCBuildConfiguration section */
		B29508A92010473600AC258A /* Debug */ = {
			isa = XCBuildConfiguration;
			buildSettings = {
				ALWAYS_SEARCH_USER_PATHS = NO;
				CLANG_ANALYZER_NONNULL = YES;
				CLANG_ANALYZER_NUMBER_OBJECT_CONVERSION = YES_AGGRESSIVE;
				CLANG_CXX_LANGUAGE_STANDARD = "gnu++14";
				CLANG_CXX_LIBRARY = "libc++";
				CLANG_ENABLE_MODULES = YES;
				CLANG_ENABLE_OBJC_ARC = YES;
				CLANG_WARN_BLOCK_CAPTURE_AUTORELEASING = YES;
				CLANG_WARN_BOOL_CONVERSION = YES;
				CLANG_WARN_COMMA = YES;
				CLANG_WARN_CONSTANT_CONVERSION = YES;
				CLANG_WARN_DIRECT_OBJC_ISA_USAGE = YES_ERROR;
				CLANG_WARN_DOCUMENTATION_COMMENTS = YES;
				CLANG_WARN_EMPTY_BODY = YES;
				CLANG_WARN_ENUM_CONVERSION = YES;
				CLANG_WARN_INFINITE_RECURSION = YES;
				CLANG_WARN_INT_CONVERSION = YES;
				CLANG_WARN_NON_LITERAL_NULL_CONVERSION = YES;
				CLANG_WARN_OBJC_LITERAL_CONVERSION = YES;
				CLANG_WARN_OBJC_ROOT_CLASS = YES_ERROR;
				CLANG_WARN_RANGE_LOOP_ANALYSIS = YES;
				CLANG_WARN_STRICT_PROTOTYPES = YES;
				CLANG_WARN_SUSPICIOUS_MOVE = YES;
				CLANG_WARN_UNGUARDED_AVAILABILITY = YES_AGGRESSIVE;
				CLANG_WARN_UNREACHABLE_CODE = YES;
				CLANG_WARN__DUPLICATE_METHOD_MATCH = YES;
				CODE_SIGN_IDENTITY = "iPhone Developer";
				COPY_PHASE_STRIP = NO;
				DEBUG_INFORMATION_FORMAT = dwarf;
				ENABLE_STRICT_OBJC_MSGSEND = YES;
				ENABLE_TESTABILITY = YES;
				GCC_C_LANGUAGE_STANDARD = gnu11;
				GCC_DYNAMIC_NO_PIC = NO;
				GCC_NO_COMMON_BLOCKS = YES;
				GCC_OPTIMIZATION_LEVEL = 0;
				GCC_PREPROCESSOR_DEFINITIONS = (
					"DEBUG=1",
					"$(inherited)",
				);
				GCC_WARN_64_TO_32_BIT_CONVERSION = YES;
				GCC_WARN_ABOUT_RETURN_TYPE = YES_ERROR;
				GCC_WARN_UNDECLARED_SELECTOR = YES;
				GCC_WARN_UNINITIALIZED_AUTOS = YES_AGGRESSIVE;
				GCC_WARN_UNUSED_FUNCTION = YES;
				GCC_WARN_UNUSED_VARIABLE = YES;
				IPHONEOS_DEPLOYMENT_TARGET = 11.2;
				MTL_ENABLE_DEBUG_INFO = YES;
				ONLY_ACTIVE_ARCH = YES;
				SDKROOT = iphoneos;
			};
			name = Debug;
		};
		B29508AA2010473600AC258A /* Release */ = {
			isa = XCBuildConfiguration;
			buildSettings = {
				ALWAYS_SEARCH_USER_PATHS = NO;
				CLANG_ANALYZER_NONNULL = YES;
				CLANG_ANALYZER_NUMBER_OBJECT_CONVERSION = YES_AGGRESSIVE;
				CLANG_CXX_LANGUAGE_STANDARD = "gnu++14";
				CLANG_CXX_LIBRARY = "libc++";
				CLANG_ENABLE_MODULES = YES;
				CLANG_ENABLE_OBJC_ARC = YES;
				CLANG_WARN_BLOCK_CAPTURE_AUTORELEASING = YES;
				CLANG_WARN_BOOL_CONVERSION = YES;
				CLANG_WARN_COMMA = YES;
				CLANG_WARN_CONSTANT_CONVERSION = YES;
				CLANG_WARN_DIRECT_OBJC_ISA_USAGE = YES_ERROR;
				CLANG_WARN_DOCUMENTATION_COMMENTS = YES;
				CLANG_WARN_EMPTY_BODY = YES;
				CLANG_WARN_ENUM_CONVERSION = YES;
				CLANG_WARN_INFINITE_RECURSION = YES;
				CLANG_WARN_INT_CONVERSION = YES;
				CLANG_WARN_NON_LITERAL_NULL_CONVERSION = YES;
				CLANG_WARN_OBJC_LITERAL_CONVERSION = YES;
				CLANG_WARN_OBJC_ROOT_CLASS = YES_ERROR;
				CLANG_WARN_RANGE_LOOP_ANALYSIS = YES;
				CLANG_WARN_STRICT_PROTOTYPES = YES;
				CLANG_WARN_SUSPICIOUS_MOVE = YES;
				CLANG_WARN_UNGUARDED_AVAILABILITY = YES_AGGRESSIVE;
				CLANG_WARN_UNREACHABLE_CODE = YES;
				CLANG_WARN__DUPLICATE_METHOD_MATCH = YES;
				CODE_SIGN_IDENTITY = "iPhone Developer";
				COPY_PHASE_STRIP = NO;
				DEBUG_INFORMATION_FORMAT = "dwarf-with-dsym";
				ENABLE_NS_ASSERTIONS = NO;
				ENABLE_STRICT_OBJC_MSGSEND = YES;
				GCC_C_LANGUAGE_STANDARD = gnu11;
				GCC_NO_COMMON_BLOCKS = YES;
				GCC_WARN_64_TO_32_BIT_CONVERSION = YES;
				GCC_WARN_ABOUT_RETURN_TYPE = YES_ERROR;
				GCC_WARN_UNDECLARED_SELECTOR = YES;
				GCC_WARN_UNINITIALIZED_AUTOS = YES_AGGRESSIVE;
				GCC_WARN_UNUSED_FUNCTION = YES;
				GCC_WARN_UNUSED_VARIABLE = YES;
				IPHONEOS_DEPLOYMENT_TARGET = 11.2;
				MTL_ENABLE_DEBUG_INFO = NO;
				SDKROOT = iphoneos;
				VALIDATE_PRODUCT = YES;
			};
			name = Release;
		};
		B29508AC2010473600AC258A /* Debug */ = {
			isa = XCBuildConfiguration;
			buildSettings = {
				ASSETCATALOG_COMPILER_APPICON_NAME = AppIcon;
				CODE_SIGN_STYLE = Automatic;
				DEVELOPMENT_TEAM = UGJJ4Y5H4A;
				INFOPLIST_FILE = "UIImage+Helper/Info.plist";
				LD_RUNPATH_SEARCH_PATHS = "$(inherited) @executable_path/Frameworks";
				PRODUCT_BUNDLE_IDENTIFIER = "com.inspur.UIImage-Helper";
				PRODUCT_NAME = "$(TARGET_NAME)";
				TARGETED_DEVICE_FAMILY = "1,2";
			};
			name = Debug;
		};
		B29508AD2010473600AC258A /* Release */ = {
			isa = XCBuildConfiguration;
			buildSettings = {
				ASSETCATALOG_COMPILER_APPICON_NAME = AppIcon;
				CODE_SIGN_STYLE = Automatic;
				DEVELOPMENT_TEAM = UGJJ4Y5H4A;
				INFOPLIST_FILE = "UIImage+Helper/Info.plist";
				LD_RUNPATH_SEARCH_PATHS = "$(inherited) @executable_path/Frameworks";
				PRODUCT_BUNDLE_IDENTIFIER = "com.inspur.UIImage-Helper";
				PRODUCT_NAME = "$(TARGET_NAME)";
				TARGETED_DEVICE_FAMILY = "1,2";
			};
			name = Release;
		};
/* End XCBuildConfiguration section */

/* Begin XCConfigurationList section */
		B29508902010473600AC258A /* Build configuration list for PBXProject "UIImage+Helper" */ = {
			isa = XCConfigurationList;
			buildConfigurations = (
				B29508A92010473600AC258A /* Debug */,
				B29508AA2010473600AC258A /* Release */,
			);
			defaultConfigurationIsVisible = 0;
			defaultConfigurationName = Release;
		};
		B29508AB2010473600AC258A /* Build configuration list for PBXNativeTarget "UIImage+Helper" */ = {
			isa = XCConfigurationList;
			buildConfigurations = (
				B29508AC2010473600AC258A /* Debug */,
				B29508AD2010473600AC258A /* Release */,
			);
			defaultConfigurationIsVisible = 0;
			defaultConfigurationName = Release;
		};
/* End XCConfigurationList section */
	};
	rootObject = B295088D2010473600AC258A /* Project object */;
}
